
Microsoft Visual Studio Solution File, Format Version 12.00
# Visual Studio Version 16
VisualStudioVersion = 16.0.31005.135
MinimumVisualStudioVersion = 10.0.40219.1
Project("{9A19103F-16F7-4668-BE54-9A1E7A4F7556}") = "ClassDemoHotelDB", "ClassDemoHotelDB\ClassDemoHotelDB.csproj", "{FE7241DD-083B-4ADF-97C5-2F4691941EBB}"
EndProject
Project("{FAE04EC0-301F-11D3-BF4B-00C04F79EFBC}") = "HotelModelLib", "HotelModelLib\HotelModelLib.csproj", "{30454703-2252-4358-8669-5556823C108B}"
EndProject
Global
	GlobalSection(SolutionConfigurationPlatforms) = preSolution
		Debug|Any CPU = Debug|Any CPU
		Release|Any CPU = Release|Any CPU
	EndGlobalSection
	GlobalSection(ProjectConfigurationPlatforms) = postSolution
		{FE7241DD-083B-4ADF-97C5-2F4691941EBB}.Debug|Any CPU.ActiveCfg = Debug|Any CPU
		{FE7241DD-083B-4ADF-97C5-2F4691941EBB}.Debug|Any CPU.Build.0 = Debug|Any CPU
		{FE7241DD-083B-4ADF-97C5-2F4691941EBB}.Release|Any CPU.ActiveCfg = Release|Any CPU
		{FE7241DD-083B-4ADF-97C5-2F4691941EBB}.Release|Any CPU.Build.0 = Release|Any CPU
		{30454703-2252-4358-8669-5556823C108B}.Debug|Any CPU.ActiveCfg = Debug|Any CPU
		{30454703-2252-4358-8669-5556823C108B}.Debug|Any CPU.Build.0 = Debug|Any CPU
		{30454703-2252-4358-8669-5556823C108B}.Release|Any CPU.ActiveCfg = Release|Any CPU
		{30454703-2252-4358-8669-5556823C108B}.Release|Any CPU.Build.0 = Release|Any CPU
	EndGlobalSection
	GlobalSection(SolutionProperties) = preSolution
		HideSolutionNode = FALSE
	EndGlobalSection
	GlobalSection(ExtensibilityGlobals) = postSolution
		SolutionGuid = {103F1793-E4DE-495C-85E4-73A8B60155E1}
	EndGlobalSection
EndGlobal
